
Microsoft Visual Studio Solution File, Format Version 12.00
# Visual Studio Version 17
VisualStudioVersion = 17.0.31903.59
MinimumVisualStudioVersion = 10.0.40219.1
Project("{2150E333-8FDC-42A3-9474-1A3956D46DE8}") = "src", "src", "{827E0CD3-B72D-47B6-A68D-7590B98EB39B}"
EndProject
Project("{FAE04EC0-301F-11D3-BF4B-00C04F79EFBC}") = "Notima.Stride", "src\Notima.Stride\Notima.Stride.csproj", "{AD82BCAB-CE32-4217-B9EB-A28F49EFE6CB}"
EndProject
Project("{FAE04EC0-301F-11D3-BF4B-00C04F79EFBC}") = "Notima.Stride.Linux", "src\Notima.Stride.Linux\Notima.Stride.Linux.csproj", "{20E8EA81-D2A9-456D-BF94-781CA5E47686}"
EndProject
Global
	GlobalSection(SolutionConfigurationPlatforms) = preSolution
		Debug|Any CPU = Debug|Any CPU
		Debug|x64 = Debug|x64
		Debug|x86 = Debug|x86
		Release|Any CPU = Release|Any CPU
		Release|x64 = Release|x64
		Release|x86 = Release|x86
	EndGlobalSection
	GlobalSection(ProjectConfigurationPlatforms) = postSolution
		{AD82BCAB-CE32-4217-B9EB-A28F49EFE6CB}.Debug|Any CPU.ActiveCfg = Debug|Any CPU
		{AD82BCAB-CE32-4217-B9EB-A28F49EFE6CB}.Debug|Any CPU.Build.0 = Debug|Any CPU
		{AD82BCAB-CE32-4217-B9EB-A28F49EFE6CB}.Debug|x64.ActiveCfg = Debug|Any CPU
		{AD82BCAB-CE32-4217-B9EB-A28F49EFE6CB}.Debug|x64.Build.0 = Debug|Any CPU
		{AD82BCAB-CE32-4217-B9EB-A28F49EFE6CB}.Debug|x86.ActiveCfg = Debug|Any CPU
		{AD82BCAB-CE32-4217-B9EB-A28F49EFE6CB}.Debug|x86.Build.0 = Debug|Any CPU
		{AD82BCAB-CE32-4217-B9EB-A28F49EFE6CB}.Release|Any CPU.ActiveCfg = Release|Any CPU
		{AD82BCAB-CE32-4217-B9EB-A28F49EFE6CB}.Release|Any CPU.Build.0 = Release|Any CPU
		{AD82BCAB-CE32-4217-B9EB-A28F49EFE6CB}.Release|x64.ActiveCfg = Release|Any CPU
		{AD82BCAB-CE32-4217-B9EB-A28F49EFE6CB}.Release|x64.Build.0 = Release|Any CPU
		{AD82BCAB-CE32-4217-B9EB-A28F49EFE6CB}.Release|x86.ActiveCfg = Release|Any CPU
		{AD82BCAB-CE32-4217-B9EB-A28F49EFE6CB}.Release|x86.Build.0 = Release|Any CPU
		{20E8EA81-D2A9-456D-BF94-781CA5E47686}.Debug|Any CPU.ActiveCfg = Debug|Any CPU
		{20E8EA81-D2A9-456D-BF94-781CA5E47686}.Debug|Any CPU.Build.0 = Debug|Any CPU
		{20E8EA81-D2A9-456D-BF94-781CA5E47686}.Debug|x64.ActiveCfg = Debug|Any CPU
		{20E8EA81-D2A9-456D-BF94-781CA5E47686}.Debug|x64.Build.0 = Debug|Any CPU
		{20E8EA81-D2A9-456D-BF94-781CA5E47686}.Debug|x86.ActiveCfg = Debug|Any CPU
		{20E8EA81-D2A9-456D-BF94-781CA5E47686}.Debug|x86.Build.0 = Debug|Any CPU
		{20E8EA81-D2A9-456D-BF94-781CA5E47686}.Release|Any CPU.ActiveCfg = Release|Any CPU
		{20E8EA81-D2A9-456D-BF94-781CA5E47686}.Release|Any CPU.Build.0 = Release|Any CPU
		{20E8EA81-D2A9-456D-BF94-781CA5E47686}.Release|x64.ActiveCfg = Release|Any CPU
		{20E8EA81-D2A9-456D-BF94-781CA5E47686}.Release|x64.Build.0 = Release|Any CPU
		{20E8EA81-D2A9-456D-BF94-781CA5E47686}.Release|x86.ActiveCfg = Release|Any CPU
		{20E8EA81-D2A9-456D-BF94-781CA5E47686}.Release|x86.Build.0 = Release|Any CPU
	EndGlobalSection
	GlobalSection(SolutionProperties) = preSolution
		HideSolutionNode = FALSE
	EndGlobalSection
	GlobalSection(NestedProjects) = preSolution
		{AD82BCAB-CE32-4217-B9EB-A28F49EFE6CB} = {827E0CD3-B72D-47B6-A68D-7590B98EB39B}
		{20E8EA81-D2A9-456D-BF94-781CA5E47686} = {827E0CD3-B72D-47B6-A68D-7590B98EB39B}
	EndGlobalSection
EndGlobal
